
Microsoft Visual Studio Solution File, Format Version 12.00
# Visual Studio Version 16
VisualStudioVersion = 16.0.28803.202
MinimumVisualStudioVersion = 10.0.40219.1
Project("{8BC9CEB8-8B4A-11D0-8D11-00A0C91BC942}") = "test_dll", "test_dll.vcxproj", "{1E7097A5-6863-4C5B-B55C-0489D1090944}"
EndProject
Global
	GlobalSection(SolutionConfigurationPlatforms) = preSolution
		Debug|Win32 = Debug|Win32
		Debug|x64 = Debug|x64
		Debug|x86 = Debug|x86
		Release|Win32 = Release|Win32
		Release|x64 = Release|x64
		Release|x86 = Release|x86
	EndGlobalSection
	GlobalSection(ProjectConfigurationPlatforms) = postSolution
		{1E7097A5-6863-4C5B-B55C-0489D1090944}.Debug|Win32.ActiveCfg = Debug|Win32
		{1E7097A5-6863-4C5B-B55C-0489D1090944}.Debug|Win32.Build.0 = Debug|Win32
		{1E7097A5-6863-4C5B-B55C-0489D1090944}.Debug|x64.ActiveCfg = Release|Win32
		{1E7097A5-6863-4C5B-B55C-0489D1090944}.Debug|x64.Build.0 = Release|Win32
		{1E7097A5-6863-4C5B-B55C-0489D1090944}.Debug|x86.ActiveCfg = Debug|Win32
		{1E7097A5-6863-4C5B-B55C-0489D1090944}.Debug|x86.Build.0 = Debug|Win32
		{1E7097A5-6863-4C5B-B55C-0489D1090944}.Release|Win32.ActiveCfg = Debug|Win32
		{1E7097A5-6863-4C5B-B55C-0489D1090944}.Release|Win32.Build.0 = Debug|Win32
		{1E7097A5-6863-4C5B-B55C-0489D1090944}.Release|x64.ActiveCfg = Release|x64
		{1E7097A5-6863-4C5B-B55C-0489D1090944}.Release|x64.Build.0 = Release|x64
		{1E7097A5-6863-4C5B-B55C-0489D1090944}.Release|x86.ActiveCfg = Release|Win32
		{1E7097A5-6863-4C5B-B55C-0489D1090944}.Release|x86.Build.0 = Release|Win32
	EndGlobalSection
	GlobalSection(SolutionProperties) = preSolution
		HideSolutionNode = FALSE
	EndGlobalSection
	GlobalSection(ExtensibilityGlobals) = postSolution
		SolutionGuid = {C9E91D55-BBDA-4E0B-A8E4-60F4A71E9A1E}
	EndGlobalSection
EndGlobal
